// !$*UTF8*$!
{
	archiveVersion = 1;
	classes = {
	};
	objectVersion = 56;
	objects = {

/* Begin PBXBuildFile section */
		007EC6252A4B073F00F41A1B /* ProductApp2App.swift in Sources */ = {isa = PBXBuildFile; fileRef = 007EC6242A4B073F00F41A1B /* ProductApp2App.swift */; };
		007EC6272A4B073F00F41A1B /* ContentView.swift in Sources */ = {isa = PBXBuildFile; fileRef = 007EC6262A4B073F00F41A1B /* ContentView.swift */; };
		007EC6292A4B074000F41A1B /* Assets.xcassets in Resources */ = {isa = PBXBuildFile; fileRef = 007EC6282A4B074000F41A1B /* Assets.xcassets */; };
		007EC62C2A4B074000F41A1B /* Preview Assets.xcassets in Resources */ = {isa = PBXBuildFile; fileRef = 007EC62B2A4B074000F41A1B /* Preview Assets.xcassets */; };
		007EC6362A4B074000F41A1B /* ProductApp2Tests.swift in Sources */ = {isa = PBXBuildFile; fileRef = 007EC6352A4B074000F41A1B /* ProductApp2Tests.swift */; };
		007EC6402A4B074000F41A1B /* ProductApp2UITests.swift in Sources */ = {isa = PBXBuildFile; fileRef = 007EC63F2A4B074000F41A1B /* ProductApp2UITests.swift */; };
		007EC6422A4B074000F41A1B /* ProductApp2UITestsLaunchTests.swift in Sources */ = {isa = PBXBuildFile; fileRef = 007EC6412A4B074000F41A1B /* ProductApp2UITestsLaunchTests.swift */; };
		007EC6542A4B083500F41A1B /* APIEndPoint.swift in Sources */ = {isa = PBXBuildFile; fileRef = 007EC6532A4B083500F41A1B /* APIEndPoint.swift */; };
		007EC6562A4B084000F41A1B /* NetworkManager.swift in Sources */ = {isa = PBXBuildFile; fileRef = 007EC6552A4B084000F41A1B /* NetworkManager.swift */; };
		007EC6582A4B085200F41A1B /* NetworkError.swift in Sources */ = {isa = PBXBuildFile; fileRef = 007EC6572A4B085200F41A1B /* NetworkError.swift */; };
		007EC65A2A4B086400F41A1B /* Product.swift in Sources */ = {isa = PBXBuildFile; fileRef = 007EC6592A4B086400F41A1B /* Product.swift */; };
		007EC65C2A4B0BBD00F41A1B /* ProductViewModel.swift in Sources */ = {isa = PBXBuildFile; fileRef = 007EC65B2A4B0BBD00F41A1B /* ProductViewModel.swift */; };
/* End PBXBuildFile section */

/* Begin PBXContainerItemProxy section */
		007EC6322A4B074000F41A1B /* PBXContainerItemProxy */ = {
			isa = PBXContainerItemProxy;
			containerPortal = 007EC6192A4B073F00F41A1B /* Project object */;
			proxyType = 1;
			remoteGlobalIDString = 007EC6202A4B073F00F41A1B;
			remoteInfo = ProductApp2;
		};
		007EC63C2A4B074000F41A1B /* PBXContainerItemProxy */ = {
			isa = PBXContainerItemProxy;
			containerPortal = 007EC6192A4B073F00F41A1B /* Project object */;
			proxyType = 1;
			remoteGlobalIDString = 007EC6202A4B073F00F41A1B;
			remoteInfo = ProductApp2;
		};
/* End PBXContainerItemProxy section */

/* Begin PBXFileReference section */
		007EC6212A4B073F00F41A1B /* ProductApp2.app */ = {isa = PBXFileReference; explicitFileType = wrapper.application; includeInIndex = 0; path = ProductApp2.app; sourceTree = BUILT_PRODUCTS_DIR; };
		007EC6242A4B073F00F41A1B /* ProductApp2App.swift */ = {isa = PBXFileReference; lastKnownFileType = sourcecode.swift; path = ProductApp2App.swift; sourceTree = "<group>"; };
		007EC6262A4B073F00F41A1B /* ContentView.swift */ = {isa = PBXFileReference; lastKnownFileType = sourcecode.swift; path = ContentView.swift; sourceTree = "<group>"; };
		007EC6282A4B074000F41A1B /* Assets.xcassets */ = {isa = PBXFileReference; lastKnownFileType = folder.assetcatalog; path = Assets.xcassets; sourceTree = "<group>"; };
		007EC62B2A4B074000F41A1B /* Preview Assets.xcassets */ = {isa = PBXFileReference; lastKnownFileType = folder.assetcatalog; path = "Preview Assets.xcassets"; sourceTree = "<group>"; };
		007EC6312A4B074000F41A1B /* ProductApp2Tests.xctest */ = {isa = PBXFileReference; explicitFileType = wrapper.cfbundle; includeInIndex = 0; path = ProductApp2Tests.xctest; sourceTree = BUILT_PRODUCTS_DIR; };
		007EC6352A4B074000F41A1B /* ProductApp2Tests.swift */ = {isa = PBXFileReference; lastKnownFileType = sourcecode.swift; path = ProductApp2Tests.swift; sourceTree = "<group>"; };
		007EC63B2A4B074000F41A1B /* ProductApp2UITests.xctest */ = {isa = PBXFileReference; explicitFileType = wrapper.cfbundle; includeInIndex = 0; path = ProductApp2UITests.xctest; sourceTree = BUILT_PRODUCTS_DIR; };
		007EC63F2A4B074000F41A1B /* ProductApp2UITests.swift */ = {isa = PBXFileReference; lastKnownFileType = sourcecode.swift; path = ProductApp2UITests.swift; sourceTree = "<group>"; };
		007EC6412A4B074000F41A1B /* ProductApp2UITestsLaunchTests.swift */ = {isa = PBXFileReference; lastKnownFileType = sourcecode.swift; path = ProductApp2UITestsLaunchTests.swift; sourceTree = "<group>"; };
		007EC6532A4B083500F41A1B /* APIEndPoint.swift */ = {isa = PBXFileReference; lastKnownFileType = sourcecode.swift; path = APIEndPoint.swift; sourceTree = "<group>"; };
		007EC6552A4B084000F41A1B /* NetworkManager.swift */ = {isa = PBXFileReference; lastKnownFileType = sourcecode.swift; path = NetworkManager.swift; sourceTree = "<group>"; };
		007EC6572A4B085200F41A1B /* NetworkError.swift */ = {isa = PBXFileReference; lastKnownFileType = sourcecode.swift; path = NetworkError.swift; sourceTree = "<group>"; };
		007EC6592A4B086400F41A1B /* Product.swift */ = {isa = PBXFileReference; lastKnownFileType = sourcecode.swift; path = Product.swift; sourceTree = "<group>"; };
		007EC65B2A4B0BBD00F41A1B /* ProductViewModel.swift */ = {isa = PBXFileReference; lastKnownFileType = sourcecode.swift; path = ProductViewModel.swift; sourceTree = "<group>"; };
/* End PBXFileReference section */

/* Begin PBXFrameworksBuildPhase section */
		007EC61E2A4B073F00F41A1B /* Frameworks */ = {
			isa = PBXFrameworksBuildPhase;
			buildActionMask = 2147483647;
			files = (
			);
			runOnlyForDeploymentPostprocessing = 0;
		};
		007EC62E2A4B074000F41A1B /* Frameworks */ = {
			isa = PBXFrameworksBuildPhase;
			buildActionMask = 2147483647;
			files = (
			);
			runOnlyForDeploymentPostprocessing = 0;
		};
		007EC6382A4B074000F41A1B /* Frameworks */ = {
			isa = PBXFrameworksBuildPhase;
			buildActionMask = 2147483647;
			files = (
			);
			runOnlyForDeploymentPostprocessing = 0;
		};
/* End PBXFrameworksBuildPhase section */

/* Begin PBXGroup section */
		007EC6182A4B073F00F41A1B = {
			isa = PBXGroup;
			children = (
				007EC6232A4B073F00F41A1B /* ProductApp2 */,
				007EC6342A4B074000F41A1B /* ProductApp2Tests */,
				007EC63E2A4B074000F41A1B /* ProductApp2UITests */,
				007EC6222A4B073F00F41A1B /* Products */,
			);
			sourceTree = "<group>";
		};
		007EC6222A4B073F00F41A1B /* Products */ = {
			isa = PBXGroup;
			children = (
				007EC6212A4B073F00F41A1B /* ProductApp2.app */,
				007EC6312A4B074000F41A1B /* ProductApp2Tests.xctest */,
				007EC63B2A4B074000F41A1B /* ProductApp2UITests.xctest */,
			);
			name = Products;
			sourceTree = "<group>";
		};
		007EC6232A4B073F00F41A1B /* ProductApp2 */ = {
			isa = PBXGroup;
			children = (
				007EC6522A4B081F00F41A1B /* Model */,
				007EC6512A4B081900F41A1B /* Network */,
				007EC6502A4B081200F41A1B /* ViewModel */,
				007EC64F2A4B080400F41A1B /* Utility */,
				007EC64E2A4B07FA00F41A1B /* Views */,
				007EC6242A4B073F00F41A1B /* ProductApp2App.swift */,
				007EC6282A4B074000F41A1B /* Assets.xcassets */,
				007EC62A2A4B074000F41A1B /* Preview Content */,
			);
			path = ProductApp2;
			sourceTree = "<group>";
		};
		007EC62A2A4B074000F41A1B /* Preview Content */ = {
			isa = PBXGroup;
			children = (
				007EC62B2A4B074000F41A1B /* Preview Assets.xcassets */,
			);
			path = "Preview Content";
			sourceTree = "<group>";
		};
		007EC6342A4B074000F41A1B /* ProductApp2Tests */ = {
			isa = PBXGroup;
			children = (
				007EC6352A4B074000F41A1B /* ProductApp2Tests.swift */,
			);
			path = ProductApp2Tests;
			sourceTree = "<group>";
		};
		007EC63E2A4B074000F41A1B /* ProductApp2UITests */ = {
			isa = PBXGroup;
			children = (
				007EC63F2A4B074000F41A1B /* ProductApp2UITests.swift */,
				007EC6412A4B074000F41A1B /* ProductApp2UITestsLaunchTests.swift */,
			);
			path = ProductApp2UITests;
			sourceTree = "<group>";
		};
		007EC64E2A4B07FA00F41A1B /* Views */ = {
			isa = PBXGroup;
			children = (
				007EC6262A4B073F00F41A1B /* ContentView.swift */,
			);
			path = Views;
			sourceTree = "<group>";
		};
		007EC64F2A4B080400F41A1B /* Utility */ = {
			isa = PBXGroup;
			children = (
			);
			path = Utility;
			sourceTree = "<group>";
		};
		007EC6502A4B081200F41A1B /* ViewModel */ = {
			isa = PBXGroup;
			children = (
				007EC65B2A4B0BBD00F41A1B /* ProductViewModel.swift */,
			);
			path = ViewModel;
			sourceTree = "<group>";
		};
		007EC6512A4B081900F41A1B /* Network */ = {
			isa = PBXGroup;
			children = (
				007EC6532A4B083500F41A1B /* APIEndPoint.swift */,
				007EC6552A4B084000F41A1B /* NetworkManager.swift */,
				007EC6572A4B085200F41A1B /* NetworkError.swift */,
			);
			path = Network;
			sourceTree = "<group>";
		};
		007EC6522A4B081F00F41A1B /* Model */ = {
			isa = PBXGroup;
			children = (
				007EC6592A4B086400F41A1B /* Product.swift */,
			);
			path = Model;
			sourceTree = "<group>";
		};
/* End PBXGroup section */

/* Begin PBXNativeTarget section */
		007EC6202A4B073F00F41A1B /* ProductApp2 */ = {
			isa = PBXNativeTarget;
			buildConfigurationList = 007EC6452A4B074000F41A1B /* Build configuration list for PBXNativeTarget "ProductApp2" */;
			buildPhases = (
				007EC61D2A4B073F00F41A1B /* Sources */,
				007EC61E2A4B073F00F41A1B /* Frameworks */,
				007EC61F2A4B073F00F41A1B /* Resources */,
			);
			buildRules = (
			);
			dependencies = (
			);
			name = ProductApp2;
			productName = ProductApp2;
			productReference = 007EC6212A4B073F00F41A1B /* ProductApp2.app */;
			productType = "com.apple.product-type.application";
		};
		007EC6302A4B074000F41A1B /* ProductApp2Tests */ = {
			isa = PBXNativeTarget;
			buildConfigurationList = 007EC6482A4B074000F41A1B /* Build configuration list for PBXNativeTarget "ProductApp2Tests" */;
			buildPhases = (
				007EC62D2A4B074000F41A1B /* Sources */,
				007EC62E2A4B074000F41A1B /* Frameworks */,
				007EC62F2A4B074000F41A1B /* Resources */,
			);
			buildRules = (
			);
			dependencies = (
				007EC6332A4B074000F41A1B /* PBXTargetDependency */,
			);
			name = ProductApp2Tests;
			productName = ProductApp2Tests;
			productReference = 007EC6312A4B074000F41A1B /* ProductApp2Tests.xctest */;
			productType = "com.apple.product-type.bundle.unit-test";
		};
		007EC63A2A4B074000F41A1B /* ProductApp2UITests */ = {
			isa = PBXNativeTarget;
			buildConfigurationList = 007EC64B2A4B074000F41A1B /* Build configuration list for PBXNativeTarget "ProductApp2UITests" */;
			buildPhases = (
				007EC6372A4B074000F41A1B /* Sources */,
				007EC6382A4B074000F41A1B /* Frameworks */,
				007EC6392A4B074000F41A1B /* Resources */,
			);
			buildRules = (
			);
			dependencies = (
				007EC63D2A4B074000F41A1B /* PBXTargetDependency */,
			);
			name = ProductApp2UITests;
			productName = ProductApp2UITests;
			productReference = 007EC63B2A4B074000F41A1B /* ProductApp2UITests.xctest */;
			productType = "com.apple.product-type.bundle.ui-testing";
		};
/* End PBXNativeTarget section */

/* Begin PBXProject section */
		007EC6192A4B073F00F41A1B /* Project object */ = {
			isa = PBXProject;
			attributes = {
				BuildIndependentTargetsInParallel = 1;
				LastSwiftUpdateCheck = 1420;
				LastUpgradeCheck = 1420;
				TargetAttributes = {
					007EC6202A4B073F00F41A1B = {
						CreatedOnToolsVersion = 14.2;
					};
					007EC6302A4B074000F41A1B = {
						CreatedOnToolsVersion = 14.2;
						TestTargetID = 007EC6202A4B073F00F41A1B;
					};
					007EC63A2A4B074000F41A1B = {
						CreatedOnToolsVersion = 14.2;
						TestTargetID = 007EC6202A4B073F00F41A1B;
					};
				};
			};
			buildConfigurationList = 007EC61C2A4B073F00F41A1B /* Build configuration list for PBXProject "ProductApp2" */;
			compatibilityVersion = "Xcode 14.0";
			developmentRegion = en;
			hasScannedForEncodings = 0;
			knownRegions = (
				en,
				Base,
			);
			mainGroup = 007EC6182A4B073F00F41A1B;
			productRefGroup = 007EC6222A4B073F00F41A1B /* Products */;
			projectDirPath = "";
			projectRoot = "";
			targets = (
				007EC6202A4B073F00F41A1B /* ProductApp2 */,
				007EC6302A4B074000F41A1B /* ProductApp2Tests */,
				007EC63A2A4B074000F41A1B /* ProductApp2UITests */,
			);
		};
/* End PBXProject section */

/* Begin PBXResourcesBuildPhase section */
		007EC61F2A4B073F00F41A1B /* Resources */ = {
			isa = PBXResourcesBuildPhase;
			buildActionMask = 2147483647;
			files = (
				007EC62C2A4B074000F41A1B /* Preview Assets.xcassets in Resources */,
				007EC6292A4B074000F41A1B /* Assets.xcassets in Resources */,
			);
			runOnlyForDeploymentPostprocessing = 0;
		};
		007EC62F2A4B074000F41A1B /* Resources */ = {
			isa = PBXResourcesBuildPhase;
			buildActionMask = 2147483647;
			files = (
			);
			runOnlyForDeploymentPostprocessing = 0;
		};
		007EC6392A4B074000F41A1B /* Resources */ = {
			isa = PBXResourcesBuildPhase;
			buildActionMask = 2147483647;
			files = (
			);
			runOnlyForDeploymentPostprocessing = 0;
		};
/* End PBXResourcesBuildPhase section */

/* Begin PBXSourcesBuildPhase section */
		007EC61D2A4B073F00F41A1B /* Sources */ = {
			isa = PBXSourcesBuildPhase;
			buildActionMask = 2147483647;
			files = (
				007EC65C2A4B0BBD00F41A1B /* ProductViewModel.swift in Sources */,
				007EC6562A4B084000F41A1B /* NetworkManager.swift in Sources */,
				007EC6272A4B073F00F41A1B /* ContentView.swift in Sources */,
				007EC6252A4B073F00F41A1B /* ProductApp2App.swift in Sources */,
				007EC6542A4B083500F41A1B /* APIEndPoint.swift in Sources */,
				007EC6582A4B085200F41A1B /* NetworkError.swift in Sources */,
				007EC65A2A4B086400F41A1B /* Product.swift in Sources */,
			);
			runOnlyForDeploymentPostprocessing = 0;
		};
		007EC62D2A4B074000F41A1B /* Sources */ = {
			isa = PBXSourcesBuildPhase;
			buildActionMask = 2147483647;
			files = (
				007EC6362A4B074000F41A1B /* ProductApp2Tests.swift in Sources */,
			);
			runOnlyForDeploymentPostprocessing = 0;
		};
		007EC6372A4B074000F41A1B /* Sources */ = {
			isa = PBXSourcesBuildPhase;
			buildActionMask = 2147483647;
			files = (
				007EC6402A4B074000F41A1B /* ProductApp2UITests.swift in Sources */,
				007EC6422A4B074000F41A1B /* ProductApp2UITestsLaunchTests.swift in Sources */,
			);
			runOnlyForDeploymentPostprocessing = 0;
		};
/* End PBXSourcesBuildPhase section */

/* Begin PBXTargetDependency section */
		007EC6332A4B074000F41A1B /* PBXTargetDependency */ = {
			isa = PBXTargetDependency;
			target = 007EC6202A4B073F00F41A1B /* ProductApp2 */;
			targetProxy = 007EC6322A4B074000F41A1B /* PBXContainerItemProxy */;
		};
		007EC63D2A4B074000F41A1B /* PBXTargetDependency */ = {
			isa = PBXTargetDependency;
			target = 007EC6202A4B073F00F41A1B /* ProductApp2 */;
			targetProxy = 007EC63C2A4B074000F41A1B /* PBXContainerItemProxy */;
		};
/* End PBXTargetDependency section */

/* Begin XCBuildConfiguration section */
		007EC6432A4B074000F41A1B /* Debug */ = {
			isa = XCBuildConfiguration;
			buildSettings = {
				ALWAYS_SEARCH_USER_PATHS = NO;
				CLANG_ANALYZER_NONNULL = YES;
				CLANG_ANALYZER_NUMBER_OBJECT_CONVERSION = YES_AGGRESSIVE;
				CLANG_CXX_LANGUAGE_STANDARD = "gnu++20";
				CLANG_ENABLE_MODULES = YES;
				CLANG_ENABLE_OBJC_ARC = YES;
				CLANG_ENABLE_OBJC_WEAK = YES;
				CLANG_WARN_BLOCK_CAPTURE_AUTORELEASING = YES;
				CLANG_WARN_BOOL_CONVERSION = YES;
				CLANG_WARN_COMMA = YES;
				CLANG_WARN_CONSTANT_CONVERSION = YES;
				CLANG_WARN_DEPRECATED_OBJC_IMPLEMENTATIONS = YES;
				CLANG_WARN_DIRECT_OBJC_ISA_USAGE = YES_ERROR;
				CLANG_WARN_DOCUMENTATION_COMMENTS = YES;
				CLANG_WARN_EMPTY_BODY = YES;
				CLANG_WARN_ENUM_CONVERSION = YES;
				CLANG_WARN_INFINITE_RECURSION = YES;
				CLANG_WARN_INT_CONVERSION = YES;
				CLANG_WARN_NON_LITERAL_NULL_CONVERSION = YES;
				CLANG_WARN_OBJC_IMPLICIT_RETAIN_SELF = YES;
				CLANG_WARN_OBJC_LITERAL_CONVERSION = YES;
				CLANG_WARN_OBJC_ROOT_CLASS = YES_ERROR;
				CLANG_WARN_QUOTED_INCLUDE_IN_FRAMEWORK_HEADER = YES;
				CLANG_WARN_RANGE_LOOP_ANALYSIS = YES;
				CLANG_WARN_STRICT_PROTOTYPES = YES;
				CLANG_WARN_SUSPICIOUS_MOVE = YES;
				CLANG_WARN_UNGUARDED_AVAILABILITY = YES_AGGRESSIVE;
				CLANG_WARN_UNREACHABLE_CODE = YES;
				CLANG_WARN__DUPLICATE_METHOD_MATCH = YES;
				COPY_PHASE_STRIP = NO;
				DEBUG_INFORMATION_FORMAT = dwarf;
				ENABLE_STRICT_OBJC_MSGSEND = YES;
				ENABLE_TESTABILITY = YES;
				GCC_C_LANGUAGE_STANDARD = gnu11;
				GCC_DYNAMIC_NO_PIC = NO;
				GCC_NO_COMMON_BLOCKS = YES;
				GCC_OPTIMIZATION_LEVEL = 0;
				GCC_PREPROCESSOR_DEFINITIONS = (
					"DEBUG=1",
					"$(inherited)",
				);
				GCC_WARN_64_TO_32_BIT_CONVERSION = YES;
				GCC_WARN_ABOUT_RETURN_TYPE = YES_ERROR;
				GCC_WARN_UNDECLARED_SELECTOR = YES;
				GCC_WARN_UNINITIALIZED_AUTOS = YES_AGGRESSIVE;
				GCC_WARN_UNUSED_FUNCTION = YES;
				GCC_WARN_UNUSED_VARIABLE = YES;
				IPHONEOS_DEPLOYMENT_TARGET = 16.2;
				MTL_ENABLE_DEBUG_INFO = INCLUDE_SOURCE;
				MTL_FAST_MATH = YES;
				ONLY_ACTIVE_ARCH = YES;
				SDKROOT = iphoneos;
				SWIFT_ACTIVE_COMPILATION_CONDITIONS = DEBUG;
				SWIFT_OPTIMIZATION_LEVEL = "-Onone";
			};
			name = Debug;
		};
		007EC6442A4B074000F41A1B /* Release */ = {
			isa = XCBuildConfiguration;
			buildSettings = {
				ALWAYS_SEARCH_USER_PATHS = NO;
				CLANG_ANALYZER_NONNULL = YES;
				CLANG_ANALYZER_NUMBER_OBJECT_CONVERSION = YES_AGGRESSIVE;
				CLANG_CXX_LANGUAGE_STANDARD = "gnu++20";
				CLANG_ENABLE_MODULES = YES;
				CLANG_ENABLE_OBJC_ARC = YES;
				CLANG_ENABLE_OBJC_WEAK = YES;
				CLANG_WARN_BLOCK_CAPTURE_AUTORELEASING = YES;
				CLANG_WARN_BOOL_CONVERSION = YES;
				CLANG_WARN_COMMA = YES;
				CLANG_WARN_CONSTANT_CONVERSION = YES;
				CLANG_WARN_DEPRECATED_OBJC_IMPLEMENTATIONS = YES;
				CLANG_WARN_DIRECT_OBJC_ISA_USAGE = YES_ERROR;
				CLANG_WARN_DOCUMENTATION_COMMENTS = YES;
				CLANG_WARN_EMPTY_BODY = YES;
				CLANG_WARN_ENUM_CONVERSION = YES;
				CLANG_WARN_INFINITE_RECURSION = YES;
				CLANG_WARN_INT_CONVERSION = YES;
				CLANG_WARN_NON_LITERAL_NULL_CONVERSION = YES;
				CLANG_WARN_OBJC_IMPLICIT_RETAIN_SELF = YES;
				CLANG_WARN_OBJC_LITERAL_CONVERSION = YES;
				CLANG_WARN_OBJC_ROOT_CLASS = YES_ERROR;
				CLANG_WARN_QUOTED_INCLUDE_IN_FRAMEWORK_HEADER = YES;
				CLANG_WARN_RANGE_LOOP_ANALYSIS = YES;
				CLANG_WARN_STRICT_PROTOTYPES = YES;
				CLANG_WARN_SUSPICIOUS_MOVE = YES;
				CLANG_WARN_UNGUARDED_AVAILABILITY = YES_AGGRESSIVE;
				CLANG_WARN_UNREACHABLE_CODE = YES;
				CLANG_WARN__DUPLICATE_METHOD_MATCH = YES;
				COPY_PHASE_STRIP = NO;
				DEBUG_INFORMATION_FORMAT = "dwarf-with-dsym";
				ENABLE_NS_ASSERTIONS = NO;
				ENABLE_STRICT_OBJC_MSGSEND = YES;
				GCC_C_LANGUAGE_STANDARD = gnu11;
				GCC_NO_COMMON_BLOCKS = YES;
				GCC_WARN_64_TO_32_BIT_CONVERSION = YES;
				GCC_WARN_ABOUT_RETURN_TYPE = YES_ERROR;
				GCC_WARN_UNDECLARED_SELECTOR = YES;
				GCC_WARN_UNINITIALIZED_AUTOS = YES_AGGRESSIVE;
				GCC_WARN_UNUSED_FUNCTION = YES;
				GCC_WARN_UNUSED_VARIABLE = YES;
				IPHONEOS_DEPLOYMENT_TARGET = 16.2;
				MTL_ENABLE_DEBUG_INFO = NO;
				MTL_FAST_MATH = YES;
				SDKROOT = iphoneos;
				SWIFT_COMPILATION_MODE = wholemodule;
				SWIFT_OPTIMIZATION_LEVEL = "-O";
				VALIDATE_PRODUCT = YES;
			};
			name = Release;
		};
		007EC6462A4B074000F41A1B /* Debug */ = {
			isa = XCBuildConfiguration;
			buildSettings = {
				ASSETCATALOG_COMPILER_APPICON_NAME = AppIcon;
				ASSETCATALOG_COMPILER_GLOBAL_ACCENT_COLOR_NAME = AccentColor;
				CODE_SIGN_STYLE = Automatic;
				CURRENT_PROJECT_VERSION = 1;
				DEVELOPMENT_ASSET_PATHS = "\"ProductApp2/Preview Content\"";
				DEVELOPMENT_TEAM = V46TG78LMG;
				ENABLE_PREVIEWS = YES;
				GENERATE_INFOPLIST_FILE = YES;
				INFOPLIST_KEY_UIApplicationSceneManifest_Generation = YES;
				INFOPLIST_KEY_UIApplicationSupportsIndirectInputEvents = YES;
				INFOPLIST_KEY_UILaunchScreen_Generation = YES;
				INFOPLIST_KEY_UISupportedInterfaceOrientations_iPad = "UIInterfaceOrientationPortrait UIInterfaceOrientationPortraitUpsideDown UIInterfaceOrientationLandscapeLeft UIInterfaceOrientationLandscapeRight";
				INFOPLIST_KEY_UISupportedInterfaceOrientations_iPhone = "UIInterfaceOrientationPortrait UIInterfaceOrientationLandscapeLeft UIInterfaceOrientationLandscapeRight";
				LD_RUNPATH_SEARCH_PATHS = (
					"$(inherited)",
					"@executable_path/Frameworks",
				);
				MARKETING_VERSION = 1.0;
				PRODUCT_BUNDLE_IDENTIFIER = FieldEng.ProductApp2;
				PRODUCT_NAME = "$(TARGET_NAME)";
				SWIFT_EMIT_LOC_STRINGS = YES;
				SWIFT_VERSION = 5.0;
				TARGETED_DEVICE_FAMILY = "1,2";
			};
			name = Debug;
		};
		007EC6472A4B074000F41A1B /* Release */ = {
			isa = XCBuildConfiguration;
			buildSettings = {
				ASSETCATALOG_COMPILER_APPICON_NAME = AppIcon;
				ASSETCATALOG_COMPILER_GLOBAL_ACCENT_COLOR_NAME = AccentColor;
				CODE_SIGN_STYLE = Automatic;
				CURRENT_PROJECT_VERSION = 1;
				DEVELOPMENT_ASSET_PATHS = "\"ProductApp2/Preview Content\"";
				DEVELOPMENT_TEAM = V46TG78LMG;
				ENABLE_PREVIEWS = YES;
				GENERATE_INFOPLIST_FILE = YES;
				INFOPLIST_KEY_UIApplicationSceneManifest_Generation = YES;
				INFOPLIST_KEY_UIApplicationSupportsIndirectInputEvents = YES;
				INFOPLIST_KEY_UILaunchScreen_Generation = YES;
				INFOPLIST_KEY_UISupportedInterfaceOrientations_iPad = "UIInterfaceOrientationPortrait UIInterfaceOrientationPortraitUpsideDown UIInterfaceOrientationLandscapeLeft UIInterfaceOrientationLandscapeRight";
				INFOPLIST_KEY_UISupportedInterfaceOrientations_iPhone = "UIInterfaceOrientationPortrait UIInterfaceOrientationLandscapeLeft UIInterfaceOrientationLandscapeRight";
				LD_RUNPATH_SEARCH_PATHS = (
					"$(inherited)",
					"@executable_path/Frameworks",
				);
				MARKETING_VERSION = 1.0;
				PRODUCT_BUNDLE_IDENTIFIER = FieldEng.ProductApp2;
				PRODUCT_NAME = "$(TARGET_NAME)";
				SWIFT_EMIT_LOC_STRINGS = YES;
				SWIFT_VERSION = 5.0;
				TARGETED_DEVICE_FAMILY = "1,2";
			};
			name = Release;
		};
		007EC6492A4B074000F41A1B /* Debug */ = {
			isa = XCBuildConfiguration;
			buildSettings = {
				ALWAYS_EMBED_SWIFT_STANDARD_LIBRARIES = YES;
				BUNDLE_LOADER = "$(TEST_HOST)";
				CODE_SIGN_STYLE = Automatic;
				CURRENT_PROJECT_VERSION = 1;
				DEVELOPMENT_TEAM = V46TG78LMG;
				GENERATE_INFOPLIST_FILE = YES;
				IPHONEOS_DEPLOYMENT_TARGET = 16.2;
				MARKETING_VERSION = 1.0;
				PRODUCT_BUNDLE_IDENTIFIER = FieldEng.ProductApp2Tests;
				PRODUCT_NAME = "$(TARGET_NAME)";
				SWIFT_EMIT_LOC_STRINGS = NO;
				SWIFT_VERSION = 5.0;
				TARGETED_DEVICE_FAMILY = "1,2";
				TEST_HOST = "$(BUILT_PRODUCTS_DIR)/ProductApp2.app/$(BUNDLE_EXECUTABLE_FOLDER_PATH)/ProductApp2";
			};
			name = Debug;
		};
		007EC64A2A4B074000F41A1B /* Release */ = {
			isa = XCBuildConfiguration;
			buildSettings = {
				ALWAYS_EMBED_SWIFT_STANDARD_LIBRARIES = YES;
				BUNDLE_LOADER = "$(TEST_HOST)";
				CODE_SIGN_STYLE = Automatic;
				CURRENT_PROJECT_VERSION = 1;
				DEVELOPMENT_TEAM = V46TG78LMG;
				GENERATE_INFOPLIST_FILE = YES;
				IPHONEOS_DEPLOYMENT_TARGET = 16.2;
				MARKETING_VERSION = 1.0;
				PRODUCT_BUNDLE_IDENTIFIER = FieldEng.ProductApp2Tests;
				PRODUCT_NAME = "$(TARGET_NAME)";
				SWIFT_EMIT_LOC_STRINGS = NO;
				SWIFT_VERSION = 5.0;
				TARGETED_DEVICE_FAMILY = "1,2";
				TEST_HOST = "$(BUILT_PRODUCTS_DIR)/ProductApp2.app/$(BUNDLE_EXECUTABLE_FOLDER_PATH)/ProductApp2";
			};
			name = Release;
		};
		007EC64C2A4B074000F41A1B /* Debug */ = {
			isa = XCBuildConfiguration;
			buildSettings = {
				ALWAYS_EMBED_SWIFT_STANDARD_LIBRARIES = YES;
				CODE_SIGN_STYLE = Automatic;
				CURRENT_PROJECT_VERSION = 1;
				DEVELOPMENT_TEAM = V46TG78LMG;
				GENERATE_INFOPLIST_FILE = YES;
				MARKETING_VERSION = 1.0;
				PRODUCT_BUNDLE_IDENTIFIER = FieldEng.ProductApp2UITests;
				PRODUCT_NAME = "$(TARGET_NAME)";
				SWIFT_EMIT_LOC_STRINGS = NO;
				SWIFT_VERSION = 5.0;
				TARGETED_DEVICE_FAMILY = "1,2";
				TEST_TARGET_NAME = ProductApp2;
			};
			name = Debug;
		};
		007EC64D2A4B074000F41A1B /* Release */ = {
			isa = XCBuildConfiguration;
			buildSettings = {
				ALWAYS_EMBED_SWIFT_STANDARD_LIBRARIES = YES;
				CODE_SIGN_STYLE = Automatic;
				CURRENT_PROJECT_VERSION = 1;
				DEVELOPMENT_TEAM = V46TG78LMG;
				GENERATE_INFOPLIST_FILE = YES;
				MARKETING_VERSION = 1.0;
				PRODUCT_BUNDLE_IDENTIFIER = FieldEng.ProductApp2UITests;
				PRODUCT_NAME = "$(TARGET_NAME)";
				SWIFT_EMIT_LOC_STRINGS = NO;
				SWIFT_VERSION = 5.0;
				TARGETED_DEVICE_FAMILY = "1,2";
				TEST_TARGET_NAME = ProductApp2;
			};
			name = Release;
		};
/* End XCBuildConfiguration section */

/* Begin XCConfigurationList section */
		007EC61C2A4B073F00F41A1B /* Build configuration list for PBXProject "ProductApp2" */ = {
			isa = XCConfigurationList;
			buildConfigurations = (
				007EC6432A4B074000F41A1B /* Debug */,
				007EC6442A4B074000F41A1B /* Release */,
			);
			defaultConfigurationIsVisible = 0;
			defaultConfigurationName = Release;
		};
		007EC6452A4B074000F41A1B /* Build configuration list for PBXNativeTarget "ProductApp2" */ = {
			isa = XCConfigurationList;
			buildConfigurations = (
				007EC6462A4B074000F41A1B /* Debug */,
				007EC6472A4B074000F41A1B /* Release */,
			);
			defaultConfigurationIsVisible = 0;
			defaultConfigurationName = Release;
		};
		007EC6482A4B074000F41A1B /* Build configuration list for PBXNativeTarget "ProductApp2Tests" */ = {
			isa = XCConfigurationList;
			buildConfigurations = (
				007EC6492A4B074000F41A1B /* Debug */,
				007EC64A2A4B074000F41A1B /* Release */,
			);
			defaultConfigurationIsVisible = 0;
			defaultConfigurationName = Release;
		};
		007EC64B2A4B074000F41A1B /* Build configuration list for PBXNativeTarget "ProductApp2UITests" */ = {
			isa = XCConfigurationList;
			buildConfigurations = (
				007EC64C2A4B074000F41A1B /* Debug */,
				007EC64D2A4B074000F41A1B /* Release */,
			);
			defaultConfigurationIsVisible = 0;
			defaultConfigurationName = Release;
		};
/* End XCConfigurationList section */
	};
	rootObject = 007EC6192A4B073F00F41A1B /* Project object */;
}
